
Microsoft Visual Studio Solution File, Format Version 12.00
# Visual Studio 15
VisualStudioVersion = 15.0.28010.2019
MinimumVisualStudioVersion = 10.0.40219.1
Project("{FAE04EC0-301F-11D3-BF4B-00C04F79EFBC}") = "BridgeDesignPattern", "BridgeDesignPattern\BridgeDesignPattern.csproj", "{7C1C234D-2B63-4262-9B6E-C7656651D4BE}"
EndProject
Project("{FAE04EC0-301F-11D3-BF4B-00C04F79EFBC}") = "DesignPatternsManager", "DesignPatternsManager\DesignPatternsManager.csproj", "{5D038C6C-70FA-43F8-84FC-40A1BC3E15A3}"
EndProject
Project("{FAE04EC0-301F-11D3-BF4B-00C04F79EFBC}") = "DesignPatternsCommon", "DesignPatternsCommon\DesignPatternsCommon.csproj", "{1293E6B6-E74F-44CD-8643-480D53CAC95F}"
EndProject
Project("{FAE04EC0-301F-11D3-BF4B-00C04F79EFBC}") = "SingletonDesignPattern", "SingletonDesignPattern\SingletonDesignPattern.csproj", "{39E3721E-CD7E-4701-BC63-1102FEAC4F9E}"
EndProject
Global
	GlobalSection(SolutionConfigurationPlatforms) = preSolution
		Debug|Any CPU = Debug|Any CPU
		Release|Any CPU = Release|Any CPU
	EndGlobalSection
	GlobalSection(ProjectConfigurationPlatforms) = postSolution
		{7C1C234D-2B63-4262-9B6E-C7656651D4BE}.Debug|Any CPU.ActiveCfg = Debug|Any CPU
		{7C1C234D-2B63-4262-9B6E-C7656651D4BE}.Debug|Any CPU.Build.0 = Debug|Any CPU
		{7C1C234D-2B63-4262-9B6E-C7656651D4BE}.Release|Any CPU.ActiveCfg = Release|Any CPU
		{7C1C234D-2B63-4262-9B6E-C7656651D4BE}.Release|Any CPU.Build.0 = Release|Any CPU
		{5D038C6C-70FA-43F8-84FC-40A1BC3E15A3}.Debug|Any CPU.ActiveCfg = Debug|Any CPU
		{5D038C6C-70FA-43F8-84FC-40A1BC3E15A3}.Debug|Any CPU.Build.0 = Debug|Any CPU
		{5D038C6C-70FA-43F8-84FC-40A1BC3E15A3}.Release|Any CPU.ActiveCfg = Release|Any CPU
		{5D038C6C-70FA-43F8-84FC-40A1BC3E15A3}.Release|Any CPU.Build.0 = Release|Any CPU
		{1293E6B6-E74F-44CD-8643-480D53CAC95F}.Debug|Any CPU.ActiveCfg = Debug|Any CPU
		{1293E6B6-E74F-44CD-8643-480D53CAC95F}.Debug|Any CPU.Build.0 = Debug|Any CPU
		{1293E6B6-E74F-44CD-8643-480D53CAC95F}.Release|Any CPU.ActiveCfg = Release|Any CPU
		{1293E6B6-E74F-44CD-8643-480D53CAC95F}.Release|Any CPU.Build.0 = Release|Any CPU
		{39E3721E-CD7E-4701-BC63-1102FEAC4F9E}.Debug|Any CPU.ActiveCfg = Debug|Any CPU
		{39E3721E-CD7E-4701-BC63-1102FEAC4F9E}.Debug|Any CPU.Build.0 = Debug|Any CPU
		{39E3721E-CD7E-4701-BC63-1102FEAC4F9E}.Release|Any CPU.ActiveCfg = Release|Any CPU
		{39E3721E-CD7E-4701-BC63-1102FEAC4F9E}.Release|Any CPU.Build.0 = Release|Any CPU
	EndGlobalSection
	GlobalSection(SolutionProperties) = preSolution
		HideSolutionNode = FALSE
	EndGlobalSection
	GlobalSection(ExtensibilityGlobals) = postSolution
		SolutionGuid = {3A91982A-AD41-4742-9145-815C63E0D6E1}
	EndGlobalSection
EndGlobal
